
Microsoft Visual Studio Solution File, Format Version 12.00
# Visual Studio Version 17
VisualStudioVersion = 17.4.33205.214
MinimumVisualStudioVersion = 10.0.40219.1
Project("{FAE04EC0-301F-11D3-BF4B-00C04F79EFBC}") = "laboratorna4", "laboratorna1\laboratorna4.csproj", "{B62AA4B4-B049-4D2B-A67D-77F3B5C759EA}"
EndProject
Global
	GlobalSection(SolutionConfigurationPlatforms) = preSolution
		Debug|Any CPU = Debug|Any CPU
		Release|Any CPU = Release|Any CPU
	EndGlobalSection
	GlobalSection(ProjectConfigurationPlatforms) = postSolution
		{B62AA4B4-B049-4D2B-A67D-77F3B5C759EA}.Debug|Any CPU.ActiveCfg = Debug|Any CPU
		{B62AA4B4-B049-4D2B-A67D-77F3B5C759EA}.Debug|Any CPU.Build.0 = Debug|Any CPU
		{B62AA4B4-B049-4D2B-A67D-77F3B5C759EA}.Release|Any CPU.ActiveCfg = Release|Any CPU
		{B62AA4B4-B049-4D2B-A67D-77F3B5C759EA}.Release|Any CPU.Build.0 = Release|Any CPU
	EndGlobalSection
	GlobalSection(SolutionProperties) = preSolution
		HideSolutionNode = FALSE
	EndGlobalSection
	GlobalSection(ExtensibilityGlobals) = postSolution
		SolutionGuid = {5964A6A8-97CE-4D09-9B37-4A67CCF20572}
	EndGlobalSection
EndGlobal
